// !$*UTF8*$!
{
	archiveVersion = 1;
	classes = {
	};
	objectVersion = 46;
	objects = {

/* Begin PBXBuildFile section */
		FC6282591F165375007D8C7B /* AppDelegate.swift in Sources */ = {isa = PBXBuildFile; fileRef = FC6282581F165375007D8C7B /* AppDelegate.swift */; };
		FC62825B1F165375007D8C7B /* ViewController.swift in Sources */ = {isa = PBXBuildFile; fileRef = FC62825A1F165375007D8C7B /* ViewController.swift */; };
		FC62825E1F165375007D8C7B /* Main.storyboard in Resources */ = {isa = PBXBuildFile; fileRef = FC62825C1F165375007D8C7B /* Main.storyboard */; };
		FC6282601F165375007D8C7B /* Assets.xcassets in Resources */ = {isa = PBXBuildFile; fileRef = FC62825F1F165375007D8C7B /* Assets.xcassets */; };
		FC6282631F165375007D8C7B /* LaunchScreen.storyboard in Resources */ = {isa = PBXBuildFile; fileRef = FC6282611F165375007D8C7B /* LaunchScreen.storyboard */; };
		FC62826E1F165376007D8C7B /* RetroCalculatorTests.swift in Sources */ = {isa = PBXBuildFile; fileRef = FC62826D1F165376007D8C7B /* RetroCalculatorTests.swift */; };
		FC9392D01F16A38C006932AD /* minecrafter in Resources */ = {isa = PBXBuildFile; fileRef = FC9392CE1F16A38C006932AD /* minecrafter */; };
		FC9392D21F16A3FB006932AD /* Minecrafter.Alt.ttf in Resources */ = {isa = PBXBuildFile; fileRef = FC9392D11F16A3FB006932AD /* Minecrafter.Alt.ttf */; };
		FC9392D31F16A3FB006932AD /* Minecrafter.Alt.ttf in Resources */ = {isa = PBXBuildFile; fileRef = FC9392D11F16A3FB006932AD /* Minecrafter.Alt.ttf */; };
		FC9392D51F16A579006932AD /* btn.wav in Resources */ = {isa = PBXBuildFile; fileRef = FC9392D41F16A579006932AD /* btn.wav */; };
		FC9392D61F16A579006932AD /* btn.wav in Resources */ = {isa = PBXBuildFile; fileRef = FC9392D41F16A579006932AD /* btn.wav */; };
/* End PBXBuildFile section */

/* Begin PBXContainerItemProxy section */
		FC62826A1F165376007D8C7B /* PBXContainerItemProxy */ = {
			isa = PBXContainerItemProxy;
			containerPortal = FC62824D1F165375007D8C7B /* Project object */;
			proxyType = 1;
			remoteGlobalIDString = FC6282541F165375007D8C7B;
			remoteInfo = RetroCalculator;
		};
/* End PBXContainerItemProxy section */

/* Begin PBXFileReference section */
		FC6282551F165375007D8C7B /* RetroCalculator.app */ = {isa = PBXFileReference; explicitFileType = wrapper.application; includeInIndex = 0; path = RetroCalculator.app; sourceTree = BUILT_PRODUCTS_DIR; };
		FC6282581F165375007D8C7B /* AppDelegate.swift */ = {isa = PBXFileReference; lastKnownFileType = sourcecode.swift; path = AppDelegate.swift; sourceTree = "<group>"; };
		FC62825A1F165375007D8C7B /* ViewController.swift */ = {isa = PBXFileReference; lastKnownFileType = sourcecode.swift; path = ViewController.swift; sourceTree = "<group>"; };
		FC62825D1F165375007D8C7B /* Base */ = {isa = PBXFileReference; lastKnownFileType = file.storyboard; name = Base; path = Base.lproj/Main.storyboard; sourceTree = "<group>"; };
		FC62825F1F165375007D8C7B /* Assets.xcassets */ = {isa = PBXFileReference; lastKnownFileType = folder.assetcatalog; path = Assets.xcassets; sourceTree = "<group>"; };
		FC6282621F165375007D8C7B /* Base */ = {isa = PBXFileReference; lastKnownFileType = file.storyboard; name = Base; path = Base.lproj/LaunchScreen.storyboard; sourceTree = "<group>"; };
		FC6282641F165375007D8C7B /* Info.plist */ = {isa = PBXFileReference; lastKnownFileType = text.plist.xml; path = Info.plist; sourceTree = "<group>"; };
		FC6282691F165376007D8C7B /* RetroCalculatorTests.xctest */ = {isa = PBXFileReference; explicitFileType = wrapper.cfbundle; includeInIndex = 0; path = RetroCalculatorTests.xctest; sourceTree = BUILT_PRODUCTS_DIR; };
		FC62826D1F165376007D8C7B /* RetroCalculatorTests.swift */ = {isa = PBXFileReference; lastKnownFileType = sourcecode.swift; path = RetroCalculatorTests.swift; sourceTree = "<group>"; };
		FC62826F1F165376007D8C7B /* Info.plist */ = {isa = PBXFileReference; lastKnownFileType = text.plist.xml; path = Info.plist; sourceTree = "<group>"; };
		FC9392CE1F16A38C006932AD /* minecrafter */ = {isa = PBXFileReference; lastKnownFileType = folder; path = minecrafter; sourceTree = "<group>"; };
		FC9392D11F16A3FB006932AD /* Minecrafter.Alt.ttf */ = {isa = PBXFileReference; lastKnownFileType = file; path = Minecrafter.Alt.ttf; sourceTree = "<group>"; };
		FC9392D41F16A579006932AD /* btn.wav */ = {isa = PBXFileReference; lastKnownFileType = audio.wav; path = btn.wav; sourceTree = "<group>"; };
/* End PBXFileReference section */

/* Begin PBXFrameworksBuildPhase section */
		FC6282521F165375007D8C7B /* Frameworks */ = {
			isa = PBXFrameworksBuildPhase;
			buildActionMask = 2147483647;
			files = (
			);
			runOnlyForDeploymentPostprocessing = 0;
		};
		FC6282661F165376007D8C7B /* Frameworks */ = {
			isa = PBXFrameworksBuildPhase;
			buildActionMask = 2147483647;
			files = (
			);
			runOnlyForDeploymentPostprocessing = 0;
		};
/* End PBXFrameworksBuildPhase section */

/* Begin PBXGroup section */
		FC62824C1F165375007D8C7B = {
			isa = PBXGroup;
			children = (
				FC9392CE1F16A38C006932AD /* minecrafter */,
				FC6282571F165375007D8C7B /* RetroCalculator */,
				FC62826C1F165376007D8C7B /* RetroCalculatorTests */,
				FC6282561F165375007D8C7B /* Products */,
			);
			sourceTree = "<group>";
		};
		FC6282561F165375007D8C7B /* Products */ = {
			isa = PBXGroup;
			children = (
				FC6282551F165375007D8C7B /* RetroCalculator.app */,
				FC6282691F165376007D8C7B /* RetroCalculatorTests.xctest */,
			);
			name = Products;
			sourceTree = "<group>";
		};
		FC6282571F165375007D8C7B /* RetroCalculator */ = {
			isa = PBXGroup;
			children = (
				FC6282581F165375007D8C7B /* AppDelegate.swift */,
				FC9392D11F16A3FB006932AD /* Minecrafter.Alt.ttf */,
				FC62825A1F165375007D8C7B /* ViewController.swift */,
				FC9392D41F16A579006932AD /* btn.wav */,
				FC62825C1F165375007D8C7B /* Main.storyboard */,
				FC62825F1F165375007D8C7B /* Assets.xcassets */,
				FC6282611F165375007D8C7B /* LaunchScreen.storyboard */,
				FC6282641F165375007D8C7B /* Info.plist */,
			);
			path = RetroCalculator;
			sourceTree = "<group>";
		};
		FC62826C1F165376007D8C7B /* RetroCalculatorTests */ = {
			isa = PBXGroup;
			children = (
				FC62826D1F165376007D8C7B /* RetroCalculatorTests.swift */,
				FC62826F1F165376007D8C7B /* Info.plist */,
			);
			path = RetroCalculatorTests;
			sourceTree = "<group>";
		};
/* End PBXGroup section */

/* Begin PBXNativeTarget section */
		FC6282541F165375007D8C7B /* RetroCalculator */ = {
			isa = PBXNativeTarget;
			buildConfigurationList = FC6282721F165376007D8C7B /* Build configuration list for PBXNativeTarget "RetroCalculator" */;
			buildPhases = (
				FC6282511F165375007D8C7B /* Sources */,
				FC6282521F165375007D8C7B /* Frameworks */,
				FC6282531F165375007D8C7B /* Resources */,
			);
			buildRules = (
			);
			dependencies = (
			);
			name = RetroCalculator;
			productName = RetroCalculator;
			productReference = FC6282551F165375007D8C7B /* RetroCalculator.app */;
			productType = "com.apple.product-type.application";
		};
		FC6282681F165376007D8C7B /* RetroCalculatorTests */ = {
			isa = PBXNativeTarget;
			buildConfigurationList = FC6282751F165376007D8C7B /* Build configuration list for PBXNativeTarget "RetroCalculatorTests" */;
			buildPhases = (
				FC6282651F165376007D8C7B /* Sources */,
				FC6282661F165376007D8C7B /* Frameworks */,
				FC6282671F165376007D8C7B /* Resources */,
			);
			buildRules = (
			);
			dependencies = (
				FC62826B1F165376007D8C7B /* PBXTargetDependency */,
			);
			name = RetroCalculatorTests;
			productName = RetroCalculatorTests;
			productReference = FC6282691F165376007D8C7B /* RetroCalculatorTests.xctest */;
			productType = "com.apple.product-type.bundle.unit-test";
		};
/* End PBXNativeTarget section */

/* Begin PBXProject section */
		FC62824D1F165375007D8C7B /* Project object */ = {
			isa = PBXProject;
			attributes = {
				LastSwiftUpdateCheck = 0830;
				LastUpgradeCheck = 0830;
				ORGANIZATIONNAME = azatech;
				TargetAttributes = {
					FC6282541F165375007D8C7B = {
						CreatedOnToolsVersion = 8.3.3;
						ProvisioningStyle = Automatic;
					};
					FC6282681F165376007D8C7B = {
						CreatedOnToolsVersion = 8.3.3;
						ProvisioningStyle = Automatic;
						TestTargetID = FC6282541F165375007D8C7B;
					};
				};
			};
			buildConfigurationList = FC6282501F165375007D8C7B /* Build configuration list for PBXProject "RetroCalculator" */;
			compatibilityVersion = "Xcode 3.2";
			developmentRegion = English;
			hasScannedForEncodings = 0;
			knownRegions = (
				en,
				Base,
			);
			mainGroup = FC62824C1F165375007D8C7B;
			productRefGroup = FC6282561F165375007D8C7B /* Products */;
			projectDirPath = "";
			projectRoot = "";
			targets = (
				FC6282541F165375007D8C7B /* RetroCalculator */,
				FC6282681F165376007D8C7B /* RetroCalculatorTests */,
			);
		};
/* End PBXProject section */

/* Begin PBXResourcesBuildPhase section */
		FC6282531F165375007D8C7B /* Resources */ = {
			isa = PBXResourcesBuildPhase;
			buildActionMask = 2147483647;
			files = (
				FC9392D51F16A579006932AD /* btn.wav in Resources */,
				FC6282631F165375007D8C7B /* LaunchScreen.storyboard in Resources */,
				FC6282601F165375007D8C7B /* Assets.xcassets in Resources */,
				FC9392D21F16A3FB006932AD /* Minecrafter.Alt.ttf in Resources */,
				FC62825E1F165375007D8C7B /* Main.storyboard in Resources */,
			);
			runOnlyForDeploymentPostprocessing = 0;
		};
		FC6282671F165376007D8C7B /* Resources */ = {
			isa = PBXResourcesBuildPhase;
			buildActionMask = 2147483647;
			files = (
				FC9392D61F16A579006932AD /* btn.wav in Resources */,
				FC9392D31F16A3FB006932AD /* Minecrafter.Alt.ttf in Resources */,
				FC9392D01F16A38C006932AD /* minecrafter in Resources */,
			);
			runOnlyForDeploymentPostprocessing = 0;
		};
/* End PBXResourcesBuildPhase section */

/* Begin PBXSourcesBuildPhase section */
		FC6282511F165375007D8C7B /* Sources */ = {
			isa = PBXSourcesBuildPhase;
			buildActionMask = 2147483647;
			files = (
				FC62825B1F165375007D8C7B /* ViewController.swift in Sources */,
				FC6282591F165375007D8C7B /* AppDelegate.swift in Sources */,
			);
			runOnlyForDeploymentPostprocessing = 0;
		};
		FC6282651F165376007D8C7B /* Sources */ = {
			isa = PBXSourcesBuildPhase;
			buildActionMask = 2147483647;
			files = (
				FC62826E1F165376007D8C7B /* RetroCalculatorTests.swift in Sources */,
			);
			runOnlyForDeploymentPostprocessing = 0;
		};
/* End PBXSourcesBuildPhase section */

/* Begin PBXTargetDependency section */
		FC62826B1F165376007D8C7B /* PBXTargetDependency */ = {
			isa = PBXTargetDependency;
			target = FC6282541F165375007D8C7B /* RetroCalculator */;
			targetProxy = FC62826A1F165376007D8C7B /* PBXContainerItemProxy */;
		};
/* End PBXTargetDependency section */

/* Begin PBXVariantGroup section */
		FC62825C1F165375007D8C7B /* Main.storyboard */ = {
			isa = PBXVariantGroup;
			children = (
				FC62825D1F165375007D8C7B /* Base */,
			);
			name = Main.storyboard;
			sourceTree = "<group>";
		};
		FC6282611F165375007D8C7B /* LaunchScreen.storyboard */ = {
			isa = PBXVariantGroup;
			children = (
				FC6282621F165375007D8C7B /* Base */,
			);
			name = LaunchScreen.storyboard;
			sourceTree = "<group>";
		};
/* End PBXVariantGroup section */

/* Begin XCBuildConfiguration section */
		FC6282701F165376007D8C7B /* Debug */ = {
			isa = XCBuildConfiguration;
			buildSettings = {
				ALWAYS_SEARCH_USER_PATHS = NO;
				CLANG_ANALYZER_NONNULL = YES;
				CLANG_ANALYZER_NUMBER_OBJECT_CONVERSION = YES_AGGRESSIVE;
				CLANG_CXX_LANGUAGE_STANDARD = "gnu++0x";
				CLANG_CXX_LIBRARY = "libc++";
				CLANG_ENABLE_MODULES = YES;
				CLANG_ENABLE_OBJC_ARC = YES;
				CLANG_WARN_BOOL_CONVERSION = YES;
				CLANG_WARN_CONSTANT_CONVERSION = YES;
				CLANG_WARN_DIRECT_OBJC_ISA_USAGE = YES_ERROR;
				CLANG_WARN_DOCUMENTATION_COMMENTS = YES;
				CLANG_WARN_EMPTY_BODY = YES;
				CLANG_WARN_ENUM_CONVERSION = YES;
				CLANG_WARN_INFINITE_RECURSION = YES;
				CLANG_WARN_INT_CONVERSION = YES;
				CLANG_WARN_OBJC_ROOT_CLASS = YES_ERROR;
				CLANG_WARN_SUSPICIOUS_MOVE = YES;
				CLANG_WARN_UNREACHABLE_CODE = YES;
				CLANG_WARN__DUPLICATE_METHOD_MATCH = YES;
				"CODE_SIGN_IDENTITY[sdk=iphoneos*]" = "iPhone Developer";
				COPY_PHASE_STRIP = NO;
				DEBUG_INFORMATION_FORMAT = dwarf;
				ENABLE_STRICT_OBJC_MSGSEND = YES;
				ENABLE_TESTABILITY = YES;
				GCC_C_LANGUAGE_STANDARD = gnu99;
				GCC_DYNAMIC_NO_PIC = NO;
				GCC_NO_COMMON_BLOCKS = YES;
				GCC_OPTIMIZATION_LEVEL = 0;
				GCC_PREPROCESSOR_DEFINITIONS = (
					"DEBUG=1",
					"$(inherited)",
				);
				GCC_WARN_64_TO_32_BIT_CONVERSION = YES;
				GCC_WARN_ABOUT_RETURN_TYPE = YES_ERROR;
				GCC_WARN_UNDECLARED_SELECTOR = YES;
				GCC_WARN_UNINITIALIZED_AUTOS = YES_AGGRESSIVE;
				GCC_WARN_UNUSED_FUNCTION = YES;
				GCC_WARN_UNUSED_VARIABLE = YES;
				IPHONEOS_DEPLOYMENT_TARGET = 10.3;
				MTL_ENABLE_DEBUG_INFO = YES;
				ONLY_ACTIVE_ARCH = YES;
				SDKROOT = iphoneos;
				SWIFT_ACTIVE_COMPILATION_CONDITIONS = DEBUG;
				SWIFT_OPTIMIZATION_LEVEL = "-Onone";
			};
			name = Debug;
		};
		FC6282711F165376007D8C7B /* Release */ = {
			isa = XCBuildConfiguration;
			buildSettings = {
				ALWAYS_SEARCH_USER_PATHS = NO;
				CLANG_ANALYZER_NONNULL = YES;
				CLANG_ANALYZER_NUMBER_OBJECT_CONVERSION = YES_AGGRESSIVE;
				CLANG_CXX_LANGUAGE_STANDARD = "gnu++0x";
				CLANG_CXX_LIBRARY = "libc++";
				CLANG_ENABLE_MODULES = YES;
				CLANG_ENABLE_OBJC_ARC = YES;
				CLANG_WARN_BOOL_CONVERSION = YES;
				CLANG_WARN_CONSTANT_CONVERSION = YES;
				CLANG_WARN_DIRECT_OBJC_ISA_USAGE = YES_ERROR;
				CLANG_WARN_DOCUMENTATION_COMMENTS = YES;
				CLANG_WARN_EMPTY_BODY = YES;
				CLANG_WARN_ENUM_CONVERSION = YES;
				CLANG_WARN_INFINITE_RECURSION = YES;
				CLANG_WARN_INT_CONVERSION = YES;
				CLANG_WARN_OBJC_ROOT_CLASS = YES_ERROR;
				CLANG_WARN_SUSPICIOUS_MOVE = YES;
				CLANG_WARN_UNREACHABLE_CODE = YES;
				CLANG_WARN__DUPLICATE_METHOD_MATCH = YES;
				"CODE_SIGN_IDENTITY[sdk=iphoneos*]" = "iPhone Developer";
				COPY_PHASE_STRIP = NO;
				DEBUG_INFORMATION_FORMAT = "dwarf-with-dsym";
				ENABLE_NS_ASSERTIONS = NO;
				ENABLE_STRICT_OBJC_MSGSEND = YES;
				GCC_C_LANGUAGE_STANDARD = gnu99;
				GCC_NO_COMMON_BLOCKS = YES;
				GCC_WARN_64_TO_32_BIT_CONVERSION = YES;
				GCC_WARN_ABOUT_RETURN_TYPE = YES_ERROR;
				GCC_WARN_UNDECLARED_SELECTOR = YES;
				GCC_WARN_UNINITIALIZED_AUTOS = YES_AGGRESSIVE;
				GCC_WARN_UNUSED_FUNCTION = YES;
				GCC_WARN_UNUSED_VARIABLE = YES;
				IPHONEOS_DEPLOYMENT_TARGET = 10.3;
				MTL_ENABLE_DEBUG_INFO = NO;
				SDKROOT = iphoneos;
				SWIFT_OPTIMIZATION_LEVEL = "-Owholemodule";
				VALIDATE_PRODUCT = YES;
			};
			name = Release;
		};
		FC6282731F165376007D8C7B /* Debug */ = {
			isa = XCBuildConfiguration;
			buildSettings = {
				ASSETCATALOG_COMPILER_APPICON_NAME = AppIcon;
				INFOPLIST_FILE = RetroCalculator/Info.plist;
				LD_RUNPATH_SEARCH_PATHS = "$(inherited) @executable_path/Frameworks";
				PRODUCT_BUNDLE_IDENTIFIER = swift3.RetroCalculator;
				PRODUCT_NAME = "$(TARGET_NAME)";
				SWIFT_VERSION = 3.0;
			};
			name = Debug;
		};
		FC6282741F165376007D8C7B /* Release */ = {
			isa = XCBuildConfiguration;
			buildSettings = {
				ASSETCATALOG_COMPILER_APPICON_NAME = AppIcon;
				INFOPLIST_FILE = RetroCalculator/Info.plist;
				LD_RUNPATH_SEARCH_PATHS = "$(inherited) @executable_path/Frameworks";
				PRODUCT_BUNDLE_IDENTIFIER = swift3.RetroCalculator;
				PRODUCT_NAME = "$(TARGET_NAME)";
				SWIFT_VERSION = 3.0;
			};
			name = Release;
		};
		FC6282761F165376007D8C7B /* Debug */ = {
			isa = XCBuildConfiguration;
			buildSettings = {
				ALWAYS_EMBED_SWIFT_STANDARD_LIBRARIES = YES;
				BUNDLE_LOADER = "$(TEST_HOST)";
				INFOPLIST_FILE = RetroCalculatorTests/Info.plist;
				LD_RUNPATH_SEARCH_PATHS = "$(inherited) @executable_path/Frameworks @loader_path/Frameworks";
				PRODUCT_BUNDLE_IDENTIFIER = swift3.RetroCalculatorTests;
				PRODUCT_NAME = "$(TARGET_NAME)";
				SWIFT_VERSION = 3.0;
				TEST_HOST = "$(BUILT_PRODUCTS_DIR)/RetroCalculator.app/RetroCalculator";
			};
			name = Debug;
		};
		FC6282771F165376007D8C7B /* Release */ = {
			isa = XCBuildConfiguration;
			buildSettings = {
				ALWAYS_EMBED_SWIFT_STANDARD_LIBRARIES = YES;
				BUNDLE_LOADER = "$(TEST_HOST)";
				INFOPLIST_FILE = RetroCalculatorTests/Info.plist;
				LD_RUNPATH_SEARCH_PATHS = "$(inherited) @executable_path/Frameworks @loader_path/Frameworks";
				PRODUCT_BUNDLE_IDENTIFIER = swift3.RetroCalculatorTests;
				PRODUCT_NAME = "$(TARGET_NAME)";
				SWIFT_VERSION = 3.0;
				TEST_HOST = "$(BUILT_PRODUCTS_DIR)/RetroCalculator.app/RetroCalculator";
			};
			name = Release;
		};
/* End XCBuildConfiguration section */

/* Begin XCConfigurationList section */
		FC6282501F165375007D8C7B /* Build configuration list for PBXProject "RetroCalculator" */ = {
			isa = XCConfigurationList;
			buildConfigurations = (
				FC6282701F165376007D8C7B /* Debug */,
				FC6282711F165376007D8C7B /* Release */,
			);
			defaultConfigurationIsVisible = 0;
			defaultConfigurationName = Release;
		};
		FC6282721F165376007D8C7B /* Build configuration list for PBXNativeTarget "RetroCalculator" */ = {
			isa = XCConfigurationList;
			buildConfigurations = (
				FC6282731F165376007D8C7B /* Debug */,
				FC6282741F165376007D8C7B /* Release */,
			);
			defaultConfigurationIsVisible = 0;
			defaultConfigurationName = Release;
		};
		FC6282751F165376007D8C7B /* Build configuration list for PBXNativeTarget "RetroCalculatorTests" */ = {
			isa = XCConfigurationList;
			buildConfigurations = (
				FC6282761F165376007D8C7B /* Debug */,
				FC6282771F165376007D8C7B /* Release */,
			);
			defaultConfigurationIsVisible = 0;
			defaultConfigurationName = Release;
		};
/* End XCConfigurationList section */
	};
	rootObject = FC62824D1F165375007D8C7B /* Project object */;
}
